Microsoft Visual Studio Solution File, Format Version 12.00
# Visual Studio Version 17
VisualStudioVersion = 17.5.2.0
MinimumVisualStudioVersion = 10.0.40219.1
Project("{FAE04EC0-301F-11D3-BF4B-00C04F79EFBC}") = "AssetFlowBackend", "AssetFlowBackend.csproj", "{7B3420D6-F523-E9D7-D16B-AD3A3FE62617}"
EndProject
Global
	GlobalSection(SolutionConfigurationPlatforms) = preSolution
		Debug|Any CPU = Debug|Any CPU
		Release|Any CPU = Release|Any CPU
	EndGlobalSection
	GlobalSection(ProjectConfigurationPlatforms) = postSolution
		{7B3420D6-F523-E9D7-D16B-AD3A3FE62617}.Debug|Any CPU.ActiveCfg = Debug|Any CPU
		{7B3420D6-F523-E9D7-D16B-AD3A3FE62617}.Debug|Any CPU.Build.0 = Debug|Any CPU
		{7B3420D6-F523-E9D7-D16B-AD3A3FE62617}.Release|Any CPU.ActiveCfg = Release|Any CPU
		{7B3420D6-F523-E9D7-D16B-AD3A3FE62617}.Release|Any CPU.Build.0 = Release|Any CPU
	EndGlobalSection
	GlobalSection(SolutionProperties) = preSolution
		HideSolutionNode = FALSE
	EndGlobalSection
	GlobalSection(ExtensibilityGlobals) = postSolution
		SolutionGuid = {8C870DF4-573F-4066-82A7-EFA50CFCC16A}
	EndGlobalSection
EndGlobal
